// !$*UTF8*$!
{
	archiveVersion = 1;
	classes = {
	};
	objectVersion = 46;
	objects = {

/* Begin PBXBuildFile section */
		C5A2BCD81AAEA0280023F283 /* AVPlayerDemoTests.swift in Sources */ = {isa = PBXBuildFile; fileRef = C5A2BCD71AAEA0280023F283 /* AVPlayerDemoTests.swift */; };
/* End PBXBuildFile section */

/* Begin PBXFileReference section */
		C5A2BCBD1AAEA0260023F283 /* Info.plist */ = {isa = PBXFileReference; lastKnownFileType = text.plist.xml; path = Info.plist; sourceTree = "<group>"; };
		C5A2BCBE1AAEA0260023F283 /* AppDelegate.swift */ = {isa = PBXFileReference; lastKnownFileType = sourcecode.swift; path = AppDelegate.swift; sourceTree = "<group>"; };
		C5A2BCC11AAEA0270023F283 /* AVPlayerDemo.xcdatamodel */ = {isa = PBXFileReference; lastKnownFileType = wrapper.xcdatamodel; path = AVPlayerDemo.xcdatamodel; sourceTree = "<group>"; };
		C5A2BCC31AAEA0270023F283 /* ViewController.swift */ = {isa = PBXFileReference; lastKnownFileType = sourcecode.swift; path = ViewController.swift; sourceTree = "<group>"; };
		C5A2BCC61AAEA0270023F283 /* Base */ = {isa = PBXFileReference; lastKnownFileType = file.storyboard; name = Base; path = Base.lproj/Main.storyboard; sourceTree = "<group>"; };
		C5A2BCC81AAEA0270023F283 /* Images.xcassets */ = {isa = PBXFileReference; lastKnownFileType = folder.assetcatalog; path = Images.xcassets; sourceTree = "<group>"; };
		C5A2BCCB1AAEA0270023F283 /* Base */ = {isa = PBXFileReference; lastKnownFileType = file.xib; name = Base; path = Base.lproj/LaunchScreen.xib; sourceTree = "<group>"; };
		C5A2BCD11AAEA0270023F283 /* AVPlayerDemoTests.xctest */ = {isa = PBXFileReference; explicitFileType = wrapper.cfbundle; includeInIndex = 0; path = AVPlayerDemoTests.xctest; sourceTree = BUILT_PRODUCTS_DIR; };
		C5A2BCD61AAEA0280023F283 /* Info.plist */ = {isa = PBXFileReference; lastKnownFileType = text.plist.xml; path = Info.plist; sourceTree = "<group>"; };
		C5A2BCD71AAEA0280023F283 /* AVPlayerDemoTests.swift */ = {isa = PBXFileReference; lastKnownFileType = sourcecode.swift; path = AVPlayerDemoTests.swift; sourceTree = "<group>"; };
		C5A2BCE11AAEA2990023F283 /* AVKit.framework */ = {isa = PBXFileReference; lastKnownFileType = wrapper.framework; name = AVKit.framework; path = System/Library/Frameworks/AVKit.framework; sourceTree = SDKROOT; };
/* End PBXFileReference section */

/* Begin PBXFrameworksBuildPhase section */
		C5A2BCCE1AAEA0270023F283 /* Frameworks */ = {
			isa = PBXFrameworksBuildPhase;
			buildActionMask = 2147483647;
			files = (
			);
			runOnlyForDeploymentPostprocessing = 0;
		};
/* End PBXFrameworksBuildPhase section */

/* Begin PBXGroup section */
		C5A2BCB01AAEA0260023F283 = {
			isa = PBXGroup;
			children = (
				C5A2BCE11AAEA2990023F283 /* AVKit.framework */,
				C5A2BCBB1AAEA0260023F283 /* AVPlayerDemo */,
				C5A2BCD41AAEA0270023F283 /* AVPlayerDemoTests */,
				C5A2BCBA1AAEA0260023F283 /* Products */,
			);
			sourceTree = "<group>";
		};
		C5A2BCBA1AAEA0260023F283 /* Products */ = {
			isa = PBXGroup;
			children = (
				C5A2BCD11AAEA0270023F283 /* AVPlayerDemoTests.xctest */,
			);
			name = Products;
			sourceTree = "<group>";
		};
		C5A2BCBB1AAEA0260023F283 /* AVPlayerDemo */ = {
			isa = PBXGroup;
			children = (
				C5A2BCBE1AAEA0260023F283 /* AppDelegate.swift */,
				C5A2BCC31AAEA0270023F283 /* ViewController.swift */,
				C5A2BCC51AAEA0270023F283 /* Main.storyboard */,
				C5A2BCC81AAEA0270023F283 /* Images.xcassets */,
				C5A2BCCA1AAEA0270023F283 /* LaunchScreen.xib */,
				C5A2BCC01AAEA0270023F283 /* AVPlayerDemo.xcdatamodeld */,
				C5A2BCBC1AAEA0260023F283 /* Supporting Files */,
			);
			path = AVPlayerDemo;
			sourceTree = "<group>";
		};
		C5A2BCBC1AAEA0260023F283 /* Supporting Files */ = {
			isa = PBXGroup;
			children = (
				C5A2BCBD1AAEA0260023F283 /* Info.plist */,
			);
			name = "Supporting Files";
			sourceTree = "<group>";
		};
		C5A2BCD41AAEA0270023F283 /* AVPlayerDemoTests */ = {
			isa = PBXGroup;
			children = (
				C5A2BCD71AAEA0280023F283 /* AVPlayerDemoTests.swift */,
				C5A2BCD51AAEA0280023F283 /* Supporting Files */,
			);
			path = AVPlayerDemoTests;
			sourceTree = "<group>";
		};
		C5A2BCD51AAEA0280023F283 /* Supporting Files */ = {
			isa = PBXGroup;
			children = (
				C5A2BCD61AAEA0280023F283 /* Info.plist */,
			);
			name = "Supporting Files";
			sourceTree = "<group>";
		};
/* End PBXGroup section */

/* Begin PBXNativeTarget section */
		C5A2BCD01AAEA0270023F283 /* AVPlayerDemoTests */ = {
			isa = PBXNativeTarget;
			buildConfigurationList = C5A2BCDE1AAEA0280023F283 /* Build configuration list for PBXNativeTarget "AVPlayerDemoTests" */;
			buildPhases = (
				C5A2BCCD1AAEA0270023F283 /* Sources */,
				C5A2BCCE1AAEA0270023F283 /* Frameworks */,
				C5A2BCCF1AAEA0270023F283 /* Resources */,
			);
			buildRules = (
			);
			dependencies = (
			);
			name = AVPlayerDemoTests;
			productName = AVPlayerDemoTests;
			productReference = C5A2BCD11AAEA0270023F283 /* AVPlayerDemoTests.xctest */;
			productType = "com.apple.product-type.bundle.unit-test";
		};
/* End PBXNativeTarget section */

/* Begin PBXProject section */
		C5A2BCB11AAEA0260023F283 /* Project object */ = {
			isa = PBXProject;
			attributes = {
				LastUpgradeCheck = 0610;
				ORGANIZATIONNAME = yeshaokai;
				TargetAttributes = {
					C5A2BCD01AAEA0270023F283 = {
						CreatedOnToolsVersion = 6.1.1;
						TestTargetID = C5A2BCB81AAEA0260023F283;
					};
				};
			};
			buildConfigurationList = C5A2BCB41AAEA0260023F283 /* Build configuration list for PBXProject "AVPlayerDemo" */;
			compatibilityVersion = "Xcode 3.2";
			developmentRegion = English;
			hasScannedForEncodings = 0;
			knownRegions = (
				en,
				Base,
			);
			mainGroup = C5A2BCB01AAEA0260023F283;
			productRefGroup = C5A2BCBA1AAEA0260023F283 /* Products */;
			projectDirPath = "";
			projectRoot = "";
			targets = (
				C5A2BCD01AAEA0270023F283 /* AVPlayerDemoTests */,
			);
		};
/* End PBXProject section */

/* Begin PBXResourcesBuildPhase section */
		C5A2BCCF1AAEA0270023F283 /* Resources */ = {
			isa = PBXResourcesBuildPhase;
			buildActionMask = 2147483647;
			files = (
			);
			runOnlyForDeploymentPostprocessing = 0;
		};
/* End PBXResourcesBuildPhase section */

/* Begin PBXSourcesBuildPhase section */
		C5A2BCCD1AAEA0270023F283 /* Sources */ = {
			isa = PBXSourcesBuildPhase;
			buildActionMask = 2147483647;
			files = (
				C5A2BCD81AAEA0280023F283 /* AVPlayerDemoTests.swift in Sources */,
			);
			runOnlyForDeploymentPostprocessing = 0;
		};
/* End PBXSourcesBuildPhase section */

/* Begin PBXVariantGroup section */
		C5A2BCC51AAEA0270023F283 /* Main.storyboard */ = {
			isa = PBXVariantGroup;
			children = (
				C5A2BCC61AAEA0270023F283 /* Base */,
			);
			name = Main.storyboard;
			sourceTree = "<group>";
		};
		C5A2BCCA1AAEA0270023F283 /* LaunchScreen.xib */ = {
			isa = PBXVariantGroup;
			children = (
				C5A2BCCB1AAEA0270023F283 /* Base */,
			);
			name = LaunchScreen.xib;
			sourceTree = "<group>";
		};
/* End PBXVariantGroup section */

/* Begin XCBuildConfiguration section */
		C5A2BCD91AAEA0280023F283 /* Debug */ = {
			isa = XCBuildConfiguration;
			buildSettings = {
				ALWAYS_SEARCH_USER_PATHS = NO;
				CLANG_CXX_LANGUAGE_STANDARD = "gnu++0x";
				CLANG_CXX_LIBRARY = "libc++";
				CLANG_ENABLE_MODULES = YES;
				CLANG_ENABLE_OBJC_ARC = YES;
				CLANG_WARN_BOOL_CONVERSION = YES;
				CLANG_WARN_CONSTANT_CONVERSION = YES;
				CLANG_WARN_DIRECT_OBJC_ISA_USAGE = YES_ERROR;
				CLANG_WARN_EMPTY_BODY = YES;
				CLANG_WARN_ENUM_CONVERSION = YES;
				CLANG_WARN_INT_CONVERSION = YES;
				CLANG_WARN_OBJC_ROOT_CLASS = YES_ERROR;
				CLANG_WARN_UNREACHABLE_CODE = YES;
				CLANG_WARN__DUPLICATE_METHOD_MATCH = YES;
				"CODE_SIGN_IDENTITY[sdk=iphoneos*]" = "iPhone Developer";
				COPY_PHASE_STRIP = NO;
				ENABLE_STRICT_OBJC_MSGSEND = YES;
				GCC_C_LANGUAGE_STANDARD = gnu99;
				GCC_DYNAMIC_NO_PIC = NO;
				GCC_OPTIMIZATION_LEVEL = 0;
				GCC_PREPROCESSOR_DEFINITIONS = (
					"DEBUG=1",
					"$(inherited)",
				);
				GCC_SYMBOLS_PRIVATE_EXTERN = NO;
				GCC_WARN_64_TO_32_BIT_CONVERSION = YES;
				GCC_WARN_ABOUT_RETURN_TYPE = YES_ERROR;
				GCC_WARN_UNDECLARED_SELECTOR = YES;
				GCC_WARN_UNINITIALIZED_AUTOS = YES_AGGRESSIVE;
				GCC_WARN_UNUSED_FUNCTION = YES;
				GCC_WARN_UNUSED_VARIABLE = YES;
				IPHONEOS_DEPLOYMENT_TARGET = 8.1;
				MTL_ENABLE_DEBUG_INFO = YES;
				ONLY_ACTIVE_ARCH = YES;
				SDKROOT = iphoneos;
				SWIFT_OPTIMIZATION_LEVEL = "-Onone";
				TARGETED_DEVICE_FAMILY = "1,2";
			};
			name = Debug;
		};
		C5A2BCDA1AAEA0280023F283 /* Release */ = {
			isa = XCBuildConfiguration;
			buildSettings = {
				ALWAYS_SEARCH_USER_PATHS = NO;
				CLANG_CXX_LANGUAGE_STANDARD = "gnu++0x";
				CLANG_CXX_LIBRARY = "libc++";
				CLANG_ENABLE_MODULES = YES;
				CLANG_ENABLE_OBJC_ARC = YES;
				CLANG_WARN_BOOL_CONVERSION = YES;
				CLANG_WARN_CONSTANT_CONVERSION = YES;
				CLANG_WARN_DIRECT_OBJC_ISA_USAGE = YES_ERROR;
				CLANG_WARN_EMPTY_BODY = YES;
				CLANG_WARN_ENUM_CONVERSION = YES;
				CLANG_WARN_INT_CONVERSION = YES;
				CLANG_WARN_OBJC_ROOT_CLASS = YES_ERROR;
				CLANG_WARN_UNREACHABLE_CODE = YES;
				CLANG_WARN__DUPLICATE_METHOD_MATCH = YES;
				"CODE_SIGN_IDENTITY[sdk=iphoneos*]" = "iPhone Developer";
				COPY_PHASE_STRIP = YES;
				ENABLE_NS_ASSERTIONS = NO;
				ENABLE_STRICT_OBJC_MSGSEND = YES;
				GCC_C_LANGUAGE_STANDARD = gnu99;
				GCC_WARN_64_TO_32_BIT_CONVERSION = YES;
				GCC_WARN_ABOUT_RETURN_TYPE = YES_ERROR;
				GCC_WARN_UNDECLARED_SELECTOR = YES;
				GCC_WARN_UNINITIALIZED_AUTOS = YES_AGGRESSIVE;
				GCC_WARN_UNUSED_FUNCTION = YES;
				GCC_WARN_UNUSED_VARIABLE = YES;
				IPHONEOS_DEPLOYMENT_TARGET = 8.1;
				MTL_ENABLE_DEBUG_INFO = NO;
				SDKROOT = iphoneos;
				TARGETED_DEVICE_FAMILY = "1,2";
				VALIDATE_PRODUCT = YES;
			};
			name = Release;
		};
		C5A2BCDF1AAEA0280023F283 /* Debug */ = {
			isa = XCBuildConfiguration;
			buildSettings = {
				BUNDLE_LOADER = "$(TEST_HOST)";
				FRAMEWORK_SEARCH_PATHS = (
					"$(SDKROOT)/Developer/Library/Frameworks",
					"$(inherited)",
				);
				GCC_PREPROCESSOR_DEFINITIONS = (
					"DEBUG=1",
					"$(inherited)",
				);
				INFOPLIST_FILE = AVPlayerDemoTests/Info.plist;
				LD_RUNPATH_SEARCH_PATHS = "$(inherited) @executable_path/Frameworks @loader_path/Frameworks";
				PRODUCT_NAME = "$(TARGET_NAME)";
				TEST_HOST = "$(BUILT_PRODUCTS_DIR)/AVPlayerDemo.app/AVPlayerDemo";
			};
			name = Debug;
		};
		C5A2BCE01AAEA0280023F283 /* Release */ = {
			isa = XCBuildConfiguration;
			buildSettings = {
				BUNDLE_LOADER = "$(TEST_HOST)";
				FRAMEWORK_SEARCH_PATHS = (
					"$(SDKROOT)/Developer/Library/Frameworks",
					"$(inherited)",
				);
				INFOPLIST_FILE = AVPlayerDemoTests/Info.plist;
				LD_RUNPATH_SEARCH_PATHS = "$(inherited) @executable_path/Frameworks @loader_path/Frameworks";
				PRODUCT_NAME = "$(TARGET_NAME)";
				TEST_HOST = "$(BUILT_PRODUCTS_DIR)/AVPlayerDemo.app/AVPlayerDemo";
			};
			name = Release;
		};
/* End XCBuildConfiguration section */

/* Begin XCConfigurationList section */
		C5A2BCB41AAEA0260023F283 /* Build configuration list for PBXProject "AVPlayerDemo" */ = {
			isa = XCConfigurationList;
			buildConfigurations = (
				C5A2BCD91AAEA0280023F283 /* Debug */,
				C5A2BCDA1AAEA0280023F283 /* Release */,
			);
			defaultConfigurationIsVisible = 0;
			defaultConfigurationName = Release;
		};
		C5A2BCDE1AAEA0280023F283 /* Build configuration list for PBXNativeTarget "AVPlayerDemoTests" */ = {
			isa = XCConfigurationList;
			buildConfigurations = (
				C5A2BCDF1AAEA0280023F283 /* Debug */,
				C5A2BCE01AAEA0280023F283 /* Release */,
			);
			defaultConfigurationIsVisible = 0;
		};
/* End XCConfigurationList section */

/* Begin XCVersionGroup section */
		C5A2BCC01AAEA0270023F283 /* AVPlayerDemo.xcdatamodeld */ = {
			isa = XCVersionGroup;
			children = (
				C5A2BCC11AAEA0270023F283 /* AVPlayerDemo.xcdatamodel */,
			);
			currentVersion = C5A2BCC11AAEA0270023F283 /* AVPlayerDemo.xcdatamodel */;
			path = AVPlayerDemo.xcdatamodeld;
			sourceTree = "<group>";
			versionGroupType = wrapper.xcdatamodel;
		};
/* End XCVersionGroup section */
	};
	rootObject = C5A2BCB11AAEA0260023F283 /* Project object */;
}
