// !$*UTF8*$!
{
	archiveVersion = 1;
	classes = {
	};
	objectVersion = 46;
	objects = {

/* Begin PBXBuildFile section */
		C5863F791A8E7310009EC8DE /* AppDelegate.swift in Sources */ = {isa = PBXBuildFile; fileRef = C5863F781A8E7310009EC8DE /* AppDelegate.swift */; };
		C5863F7B1A8E7310009EC8DE /* ViewController.swift in Sources */ = {isa = PBXBuildFile; fileRef = C5863F7A1A8E7310009EC8DE /* ViewController.swift */; };
		C5863F7E1A8E7310009EC8DE /* Main.storyboard in Resources */ = {isa = PBXBuildFile; fileRef = C5863F7C1A8E7310009EC8DE /* Main.storyboard */; };
		C5863F801A8E7310009EC8DE /* Images.xcassets in Resources */ = {isa = PBXBuildFile; fileRef = C5863F7F1A8E7310009EC8DE /* Images.xcassets */; };
		C5863F831A8E7310009EC8DE /* LaunchScreen.xib in Resources */ = {isa = PBXBuildFile; fileRef = C5863F811A8E7310009EC8DE /* LaunchScreen.xib */; };
		C5863F8F1A8E7310009EC8DE /* PickersTests.swift in Sources */ = {isa = PBXBuildFile; fileRef = C5863F8E1A8E7310009EC8DE /* PickersTests.swift */; };
		C5863F991A8E7378009EC8DE /* DatePickerViewController.swift in Sources */ = {isa = PBXBuildFile; fileRef = C5863F981A8E7378009EC8DE /* DatePickerViewController.swift */; };
		C5863F9B1A8E73E0009EC8DE /* SingleComponentPickerViewController.swift in Sources */ = {isa = PBXBuildFile; fileRef = C5863F9A1A8E73E0009EC8DE /* SingleComponentPickerViewController.swift */; };
		C5863F9D1A8E73FB009EC8DE /* DoubleComponentPickerViewController.swift in Sources */ = {isa = PBXBuildFile; fileRef = C5863F9C1A8E73FB009EC8DE /* DoubleComponentPickerViewController.swift */; };
		C5863F9F1A8E7443009EC8DE /* DependentComponentPickerViewController.swift in Sources */ = {isa = PBXBuildFile; fileRef = C5863F9E1A8E7443009EC8DE /* DependentComponentPickerViewController.swift */; };
		C5863FA11A8E7463009EC8DE /* CustomPickerViewController.swift in Sources */ = {isa = PBXBuildFile; fileRef = C5863FA01A8E7463009EC8DE /* CustomPickerViewController.swift */; };
		C5863FA31A8FD14D009EC8DE /* statedictionary.plist in Resources */ = {isa = PBXBuildFile; fileRef = C5863FA21A8FD14D009EC8DE /* statedictionary.plist */; };
/* End PBXBuildFile section */

/* Begin PBXContainerItemProxy section */
		C5863F891A8E7310009EC8DE /* PBXContainerItemProxy */ = {
			isa = PBXContainerItemProxy;
			containerPortal = C5863F6B1A8E730F009EC8DE /* Project object */;
			proxyType = 1;
			remoteGlobalIDString = C5863F721A8E730F009EC8DE;
			remoteInfo = Pickers;
		};
/* End PBXContainerItemProxy section */

/* Begin PBXFileReference section */
		C5863F731A8E730F009EC8DE /* Pickers.app */ = {isa = PBXFileReference; explicitFileType = wrapper.application; includeInIndex = 0; path = Pickers.app; sourceTree = BUILT_PRODUCTS_DIR; };
		C5863F771A8E730F009EC8DE /* Info.plist */ = {isa = PBXFileReference; lastKnownFileType = text.plist.xml; path = Info.plist; sourceTree = "<group>"; };
		C5863F781A8E7310009EC8DE /* AppDelegate.swift */ = {isa = PBXFileReference; lastKnownFileType = sourcecode.swift; path = AppDelegate.swift; sourceTree = "<group>"; };
		C5863F7A1A8E7310009EC8DE /* ViewController.swift */ = {isa = PBXFileReference; lastKnownFileType = sourcecode.swift; path = ViewController.swift; sourceTree = "<group>"; };
		C5863F7D1A8E7310009EC8DE /* Base */ = {isa = PBXFileReference; lastKnownFileType = file.storyboard; name = Base; path = Base.lproj/Main.storyboard; sourceTree = "<group>"; };
		C5863F7F1A8E7310009EC8DE /* Images.xcassets */ = {isa = PBXFileReference; lastKnownFileType = folder.assetcatalog; path = Images.xcassets; sourceTree = "<group>"; };
		C5863F821A8E7310009EC8DE /* Base */ = {isa = PBXFileReference; lastKnownFileType = file.xib; name = Base; path = Base.lproj/LaunchScreen.xib; sourceTree = "<group>"; };
		C5863F881A8E7310009EC8DE /* PickersTests.xctest */ = {isa = PBXFileReference; explicitFileType = wrapper.cfbundle; includeInIndex = 0; path = PickersTests.xctest; sourceTree = BUILT_PRODUCTS_DIR; };
		C5863F8D1A8E7310009EC8DE /* Info.plist */ = {isa = PBXFileReference; lastKnownFileType = text.plist.xml; path = Info.plist; sourceTree = "<group>"; };
		C5863F8E1A8E7310009EC8DE /* PickersTests.swift */ = {isa = PBXFileReference; lastKnownFileType = sourcecode.swift; path = PickersTests.swift; sourceTree = "<group>"; };
		C5863F981A8E7378009EC8DE /* DatePickerViewController.swift */ = {isa = PBXFileReference; fileEncoding = 4; lastKnownFileType = sourcecode.swift; name = DatePickerViewController.swift; path = ../DatePickerViewController.swift; sourceTree = "<group>"; };
		C5863F9A1A8E73E0009EC8DE /* SingleComponentPickerViewController.swift */ = {isa = PBXFileReference; fileEncoding = 4; lastKnownFileType = sourcecode.swift; path = SingleComponentPickerViewController.swift; sourceTree = "<group>"; };
		C5863F9C1A8E73FB009EC8DE /* DoubleComponentPickerViewController.swift */ = {isa = PBXFileReference; fileEncoding = 4; lastKnownFileType = sourcecode.swift; path = DoubleComponentPickerViewController.swift; sourceTree = "<group>"; };
		C5863F9E1A8E7443009EC8DE /* DependentComponentPickerViewController.swift */ = {isa = PBXFileReference; fileEncoding = 4; lastKnownFileType = sourcecode.swift; path = DependentComponentPickerViewController.swift; sourceTree = "<group>"; };
		C5863FA01A8E7463009EC8DE /* CustomPickerViewController.swift */ = {isa = PBXFileReference; fileEncoding = 4; lastKnownFileType = sourcecode.swift; path = CustomPickerViewController.swift; sourceTree = "<group>"; };
		C5863FA21A8FD14D009EC8DE /* statedictionary.plist */ = {isa = PBXFileReference; fileEncoding = 4; lastKnownFileType = text.plist.xml; name = statedictionary.plist; path = "../../../Downloads/Examples 2/07 - Picker Data/statedictionary.plist"; sourceTree = "<group>"; };
/* End PBXFileReference section */

/* Begin PBXFrameworksBuildPhase section */
		C5863F701A8E730F009EC8DE /* Frameworks */ = {
			isa = PBXFrameworksBuildPhase;
			buildActionMask = 2147483647;
			files = (
			);
			runOnlyForDeploymentPostprocessing = 0;
		};
		C5863F851A8E7310009EC8DE /* Frameworks */ = {
			isa = PBXFrameworksBuildPhase;
			buildActionMask = 2147483647;
			files = (
			);
			runOnlyForDeploymentPostprocessing = 0;
		};
/* End PBXFrameworksBuildPhase section */

/* Begin PBXGroup section */
		C5863F6A1A8E730F009EC8DE = {
			isa = PBXGroup;
			children = (
				C5863F751A8E730F009EC8DE /* Pickers */,
				C5863F8B1A8E7310009EC8DE /* PickersTests */,
				C5863F741A8E730F009EC8DE /* Products */,
			);
			sourceTree = "<group>";
		};
		C5863F741A8E730F009EC8DE /* Products */ = {
			isa = PBXGroup;
			children = (
				C5863F731A8E730F009EC8DE /* Pickers.app */,
				C5863F881A8E7310009EC8DE /* PickersTests.xctest */,
			);
			name = Products;
			sourceTree = "<group>";
		};
		C5863F751A8E730F009EC8DE /* Pickers */ = {
			isa = PBXGroup;
			children = (
				C5863FA21A8FD14D009EC8DE /* statedictionary.plist */,
				C5863FA01A8E7463009EC8DE /* CustomPickerViewController.swift */,
				C5863F9E1A8E7443009EC8DE /* DependentComponentPickerViewController.swift */,
				C5863F9A1A8E73E0009EC8DE /* SingleComponentPickerViewController.swift */,
				C5863F9C1A8E73FB009EC8DE /* DoubleComponentPickerViewController.swift */,
				C5863F981A8E7378009EC8DE /* DatePickerViewController.swift */,
				C5863F781A8E7310009EC8DE /* AppDelegate.swift */,
				C5863F7A1A8E7310009EC8DE /* ViewController.swift */,
				C5863F7C1A8E7310009EC8DE /* Main.storyboard */,
				C5863F7F1A8E7310009EC8DE /* Images.xcassets */,
				C5863F811A8E7310009EC8DE /* LaunchScreen.xib */,
				C5863F761A8E730F009EC8DE /* Supporting Files */,
			);
			path = Pickers;
			sourceTree = "<group>";
		};
		C5863F761A8E730F009EC8DE /* Supporting Files */ = {
			isa = PBXGroup;
			children = (
				C5863F771A8E730F009EC8DE /* Info.plist */,
			);
			name = "Supporting Files";
			sourceTree = "<group>";
		};
		C5863F8B1A8E7310009EC8DE /* PickersTests */ = {
			isa = PBXGroup;
			children = (
				C5863F8E1A8E7310009EC8DE /* PickersTests.swift */,
				C5863F8C1A8E7310009EC8DE /* Supporting Files */,
			);
			path = PickersTests;
			sourceTree = "<group>";
		};
		C5863F8C1A8E7310009EC8DE /* Supporting Files */ = {
			isa = PBXGroup;
			children = (
				C5863F8D1A8E7310009EC8DE /* Info.plist */,
			);
			name = "Supporting Files";
			sourceTree = "<group>";
		};
/* End PBXGroup section */

/* Begin PBXNativeTarget section */
		C5863F721A8E730F009EC8DE /* Pickers */ = {
			isa = PBXNativeTarget;
			buildConfigurationList = C5863F921A8E7310009EC8DE /* Build configuration list for PBXNativeTarget "Pickers" */;
			buildPhases = (
				C5863F6F1A8E730F009EC8DE /* Sources */,
				C5863F701A8E730F009EC8DE /* Frameworks */,
				C5863F711A8E730F009EC8DE /* Resources */,
			);
			buildRules = (
			);
			dependencies = (
			);
			name = Pickers;
			productName = Pickers;
			productReference = C5863F731A8E730F009EC8DE /* Pickers.app */;
			productType = "com.apple.product-type.application";
		};
		C5863F871A8E7310009EC8DE /* PickersTests */ = {
			isa = PBXNativeTarget;
			buildConfigurationList = C5863F951A8E7310009EC8DE /* Build configuration list for PBXNativeTarget "PickersTests" */;
			buildPhases = (
				C5863F841A8E7310009EC8DE /* Sources */,
				C5863F851A8E7310009EC8DE /* Frameworks */,
				C5863F861A8E7310009EC8DE /* Resources */,
			);
			buildRules = (
			);
			dependencies = (
				C5863F8A1A8E7310009EC8DE /* PBXTargetDependency */,
			);
			name = PickersTests;
			productName = PickersTests;
			productReference = C5863F881A8E7310009EC8DE /* PickersTests.xctest */;
			productType = "com.apple.product-type.bundle.unit-test";
		};
/* End PBXNativeTarget section */

/* Begin PBXProject section */
		C5863F6B1A8E730F009EC8DE /* Project object */ = {
			isa = PBXProject;
			attributes = {
				LastUpgradeCheck = 0610;
				ORGANIZATIONNAME = yeshaokai;
				TargetAttributes = {
					C5863F721A8E730F009EC8DE = {
						CreatedOnToolsVersion = 6.1.1;
					};
					C5863F871A8E7310009EC8DE = {
						CreatedOnToolsVersion = 6.1.1;
						TestTargetID = C5863F721A8E730F009EC8DE;
					};
				};
			};
			buildConfigurationList = C5863F6E1A8E730F009EC8DE /* Build configuration list for PBXProject "Pickers" */;
			compatibilityVersion = "Xcode 3.2";
			developmentRegion = English;
			hasScannedForEncodings = 0;
			knownRegions = (
				en,
				Base,
			);
			mainGroup = C5863F6A1A8E730F009EC8DE;
			productRefGroup = C5863F741A8E730F009EC8DE /* Products */;
			projectDirPath = "";
			projectRoot = "";
			targets = (
				C5863F721A8E730F009EC8DE /* Pickers */,
				C5863F871A8E7310009EC8DE /* PickersTests */,
			);
		};
/* End PBXProject section */

/* Begin PBXResourcesBuildPhase section */
		C5863F711A8E730F009EC8DE /* Resources */ = {
			isa = PBXResourcesBuildPhase;
			buildActionMask = 2147483647;
			files = (
				C5863F7E1A8E7310009EC8DE /* Main.storyboard in Resources */,
				C5863F831A8E7310009EC8DE /* LaunchScreen.xib in Resources */,
				C5863FA31A8FD14D009EC8DE /* statedictionary.plist in Resources */,
				C5863F801A8E7310009EC8DE /* Images.xcassets in Resources */,
			);
			runOnlyForDeploymentPostprocessing = 0;
		};
		C5863F861A8E7310009EC8DE /* Resources */ = {
			isa = PBXResourcesBuildPhase;
			buildActionMask = 2147483647;
			files = (
			);
			runOnlyForDeploymentPostprocessing = 0;
		};
/* End PBXResourcesBuildPhase section */

/* Begin PBXSourcesBuildPhase section */
		C5863F6F1A8E730F009EC8DE /* Sources */ = {
			isa = PBXSourcesBuildPhase;
			buildActionMask = 2147483647;
			files = (
				C5863F7B1A8E7310009EC8DE /* ViewController.swift in Sources */,
				C5863F791A8E7310009EC8DE /* AppDelegate.swift in Sources */,
				C5863F9F1A8E7443009EC8DE /* DependentComponentPickerViewController.swift in Sources */,
				C5863F9D1A8E73FB009EC8DE /* DoubleComponentPickerViewController.swift in Sources */,
				C5863FA11A8E7463009EC8DE /* CustomPickerViewController.swift in Sources */,
				C5863F9B1A8E73E0009EC8DE /* SingleComponentPickerViewController.swift in Sources */,
				C5863F991A8E7378009EC8DE /* DatePickerViewController.swift in Sources */,
			);
			runOnlyForDeploymentPostprocessing = 0;
		};
		C5863F841A8E7310009EC8DE /* Sources */ = {
			isa = PBXSourcesBuildPhase;
			buildActionMask = 2147483647;
			files = (
				C5863F8F1A8E7310009EC8DE /* PickersTests.swift in Sources */,
			);
			runOnlyForDeploymentPostprocessing = 0;
		};
/* End PBXSourcesBuildPhase section */

/* Begin PBXTargetDependency section */
		C5863F8A1A8E7310009EC8DE /* PBXTargetDependency */ = {
			isa = PBXTargetDependency;
			target = C5863F721A8E730F009EC8DE /* Pickers */;
			targetProxy = C5863F891A8E7310009EC8DE /* PBXContainerItemProxy */;
		};
/* End PBXTargetDependency section */

/* Begin PBXVariantGroup section */
		C5863F7C1A8E7310009EC8DE /* Main.storyboard */ = {
			isa = PBXVariantGroup;
			children = (
				C5863F7D1A8E7310009EC8DE /* Base */,
			);
			name = Main.storyboard;
			sourceTree = "<group>";
		};
		C5863F811A8E7310009EC8DE /* LaunchScreen.xib */ = {
			isa = PBXVariantGroup;
			children = (
				C5863F821A8E7310009EC8DE /* Base */,
			);
			name = LaunchScreen.xib;
			sourceTree = "<group>";
		};
/* End PBXVariantGroup section */

/* Begin XCBuildConfiguration section */
		C5863F901A8E7310009EC8DE /* Debug */ = {
			isa = XCBuildConfiguration;
			buildSettings = {
				ALWAYS_SEARCH_USER_PATHS = NO;
				CLANG_CXX_LANGUAGE_STANDARD = "gnu++0x";
				CLANG_CXX_LIBRARY = "libc++";
				CLANG_ENABLE_MODULES = YES;
				CLANG_ENABLE_OBJC_ARC = YES;
				CLANG_WARN_BOOL_CONVERSION = YES;
				CLANG_WARN_CONSTANT_CONVERSION = YES;
				CLANG_WARN_DIRECT_OBJC_ISA_USAGE = YES_ERROR;
				CLANG_WARN_EMPTY_BODY = YES;
				CLANG_WARN_ENUM_CONVERSION = YES;
				CLANG_WARN_INT_CONVERSION = YES;
				CLANG_WARN_OBJC_ROOT_CLASS = YES_ERROR;
				CLANG_WARN_UNREACHABLE_CODE = YES;
				CLANG_WARN__DUPLICATE_METHOD_MATCH = YES;
				"CODE_SIGN_IDENTITY[sdk=iphoneos*]" = "iPhone Developer";
				COPY_PHASE_STRIP = NO;
				ENABLE_STRICT_OBJC_MSGSEND = YES;
				GCC_C_LANGUAGE_STANDARD = gnu99;
				GCC_DYNAMIC_NO_PIC = NO;
				GCC_OPTIMIZATION_LEVEL = 0;
				GCC_PREPROCESSOR_DEFINITIONS = (
					"DEBUG=1",
					"$(inherited)",
				);
				GCC_SYMBOLS_PRIVATE_EXTERN = NO;
				GCC_WARN_64_TO_32_BIT_CONVERSION = YES;
				GCC_WARN_ABOUT_RETURN_TYPE = YES_ERROR;
				GCC_WARN_UNDECLARED_SELECTOR = YES;
				GCC_WARN_UNINITIALIZED_AUTOS = YES_AGGRESSIVE;
				GCC_WARN_UNUSED_FUNCTION = YES;
				GCC_WARN_UNUSED_VARIABLE = YES;
				IPHONEOS_DEPLOYMENT_TARGET = 8.1;
				MTL_ENABLE_DEBUG_INFO = YES;
				ONLY_ACTIVE_ARCH = YES;
				SDKROOT = iphoneos;
				SWIFT_OPTIMIZATION_LEVEL = "-Onone";
				TARGETED_DEVICE_FAMILY = "1,2";
			};
			name = Debug;
		};
		C5863F911A8E7310009EC8DE /* Release */ = {
			isa = XCBuildConfiguration;
			buildSettings = {
				ALWAYS_SEARCH_USER_PATHS = NO;
				CLANG_CXX_LANGUAGE_STANDARD = "gnu++0x";
				CLANG_CXX_LIBRARY = "libc++";
				CLANG_ENABLE_MODULES = YES;
				CLANG_ENABLE_OBJC_ARC = YES;
				CLANG_WARN_BOOL_CONVERSION = YES;
				CLANG_WARN_CONSTANT_CONVERSION = YES;
				CLANG_WARN_DIRECT_OBJC_ISA_USAGE = YES_ERROR;
				CLANG_WARN_EMPTY_BODY = YES;
				CLANG_WARN_ENUM_CONVERSION = YES;
				CLANG_WARN_INT_CONVERSION = YES;
				CLANG_WARN_OBJC_ROOT_CLASS = YES_ERROR;
				CLANG_WARN_UNREACHABLE_CODE = YES;
				CLANG_WARN__DUPLICATE_METHOD_MATCH = YES;
				"CODE_SIGN_IDENTITY[sdk=iphoneos*]" = "iPhone Developer";
				COPY_PHASE_STRIP = YES;
				ENABLE_NS_ASSERTIONS = NO;
				ENABLE_STRICT_OBJC_MSGSEND = YES;
				GCC_C_LANGUAGE_STANDARD = gnu99;
				GCC_WARN_64_TO_32_BIT_CONVERSION = YES;
				GCC_WARN_ABOUT_RETURN_TYPE = YES_ERROR;
				GCC_WARN_UNDECLARED_SELECTOR = YES;
				GCC_WARN_UNINITIALIZED_AUTOS = YES_AGGRESSIVE;
				GCC_WARN_UNUSED_FUNCTION = YES;
				GCC_WARN_UNUSED_VARIABLE = YES;
				IPHONEOS_DEPLOYMENT_TARGET = 8.1;
				MTL_ENABLE_DEBUG_INFO = NO;
				SDKROOT = iphoneos;
				TARGETED_DEVICE_FAMILY = "1,2";
				VALIDATE_PRODUCT = YES;
			};
			name = Release;
		};
		C5863F931A8E7310009EC8DE /* Debug */ = {
			isa = XCBuildConfiguration;
			buildSettings = {
				ASSETCATALOG_COMPILER_APPICON_NAME = AppIcon;
				INFOPLIST_FILE = Pickers/Info.plist;
				LD_RUNPATH_SEARCH_PATHS = "$(inherited) @executable_path/Frameworks";
				PRODUCT_NAME = "$(TARGET_NAME)";
			};
			name = Debug;
		};
		C5863F941A8E7310009EC8DE /* Release */ = {
			isa = XCBuildConfiguration;
			buildSettings = {
				ASSETCATALOG_COMPILER_APPICON_NAME = AppIcon;
				INFOPLIST_FILE = Pickers/Info.plist;
				LD_RUNPATH_SEARCH_PATHS = "$(inherited) @executable_path/Frameworks";
				PRODUCT_NAME = "$(TARGET_NAME)";
			};
			name = Release;
		};
		C5863F961A8E7310009EC8DE /* Debug */ = {
			isa = XCBuildConfiguration;
			buildSettings = {
				BUNDLE_LOADER = "$(TEST_HOST)";
				FRAMEWORK_SEARCH_PATHS = (
					"$(SDKROOT)/Developer/Library/Frameworks",
					"$(inherited)",
				);
				GCC_PREPROCESSOR_DEFINITIONS = (
					"DEBUG=1",
					"$(inherited)",
				);
				INFOPLIST_FILE = PickersTests/Info.plist;
				LD_RUNPATH_SEARCH_PATHS = "$(inherited) @executable_path/Frameworks @loader_path/Frameworks";
				PRODUCT_NAME = "$(TARGET_NAME)";
				TEST_HOST = "$(BUILT_PRODUCTS_DIR)/Pickers.app/Pickers";
			};
			name = Debug;
		};
		C5863F971A8E7310009EC8DE /* Release */ = {
			isa = XCBuildConfiguration;
			buildSettings = {
				BUNDLE_LOADER = "$(TEST_HOST)";
				FRAMEWORK_SEARCH_PATHS = (
					"$(SDKROOT)/Developer/Library/Frameworks",
					"$(inherited)",
				);
				INFOPLIST_FILE = PickersTests/Info.plist;
				LD_RUNPATH_SEARCH_PATHS = "$(inherited) @executable_path/Frameworks @loader_path/Frameworks";
				PRODUCT_NAME = "$(TARGET_NAME)";
				TEST_HOST = "$(BUILT_PRODUCTS_DIR)/Pickers.app/Pickers";
			};
			name = Release;
		};
/* End XCBuildConfiguration section */

/* Begin XCConfigurationList section */
		C5863F6E1A8E730F009EC8DE /* Build configuration list for PBXProject "Pickers" */ = {
			isa = XCConfigurationList;
			buildConfigurations = (
				C5863F901A8E7310009EC8DE /* Debug */,
				C5863F911A8E7310009EC8DE /* Release */,
			);
			defaultConfigurationIsVisible = 0;
			defaultConfigurationName = Release;
		};
		C5863F921A8E7310009EC8DE /* Build configuration list for PBXNativeTarget "Pickers" */ = {
			isa = XCConfigurationList;
			buildConfigurations = (
				C5863F931A8E7310009EC8DE /* Debug */,
				C5863F941A8E7310009EC8DE /* Release */,
			);
			defaultConfigurationIsVisible = 0;
		};
		C5863F951A8E7310009EC8DE /* Build configuration list for PBXNativeTarget "PickersTests" */ = {
			isa = XCConfigurationList;
			buildConfigurations = (
				C5863F961A8E7310009EC8DE /* Debug */,
				C5863F971A8E7310009EC8DE /* Release */,
			);
			defaultConfigurationIsVisible = 0;
		};
/* End XCConfigurationList section */
	};
	rootObject = C5863F6B1A8E730F009EC8DE /* Project object */;
}
