// !$*UTF8*$!
{
	archiveVersion = 1;
	classes = {
	};
	objectVersion = 46;
	objects = {

/* Begin PBXBuildFile section */
		C552DCF81AA55B5D004020CE /* AppDelegate.swift in Sources */ = {isa = PBXBuildFile; fileRef = C552DCF71AA55B5D004020CE /* AppDelegate.swift */; };
		C552DCFA1AA55B5D004020CE /* ViewController.swift in Sources */ = {isa = PBXBuildFile; fileRef = C552DCF91AA55B5D004020CE /* ViewController.swift */; };
		C552DCFD1AA55B5D004020CE /* Main.storyboard in Resources */ = {isa = PBXBuildFile; fileRef = C552DCFB1AA55B5D004020CE /* Main.storyboard */; };
		C552DCFF1AA55B5D004020CE /* Images.xcassets in Resources */ = {isa = PBXBuildFile; fileRef = C552DCFE1AA55B5D004020CE /* Images.xcassets */; };
		C552DD021AA55B5D004020CE /* LaunchScreen.xib in Resources */ = {isa = PBXBuildFile; fileRef = C552DD001AA55B5D004020CE /* LaunchScreen.xib */; };
		C552DD0E1AA55B5D004020CE /* CameraTests.swift in Sources */ = {isa = PBXBuildFile; fileRef = C552DD0D1AA55B5D004020CE /* CameraTests.swift */; };
/* End PBXBuildFile section */

/* Begin PBXContainerItemProxy section */
		C552DD081AA55B5D004020CE /* PBXContainerItemProxy */ = {
			isa = PBXContainerItemProxy;
			containerPortal = C552DCEA1AA55B5C004020CE /* Project object */;
			proxyType = 1;
			remoteGlobalIDString = C552DCF11AA55B5D004020CE;
			remoteInfo = Camera;
		};
/* End PBXContainerItemProxy section */

/* Begin PBXFileReference section */
		C552DCF21AA55B5D004020CE /* Camera.app */ = {isa = PBXFileReference; explicitFileType = wrapper.application; includeInIndex = 0; path = Camera.app; sourceTree = BUILT_PRODUCTS_DIR; };
		C552DCF61AA55B5D004020CE /* Info.plist */ = {isa = PBXFileReference; lastKnownFileType = text.plist.xml; path = Info.plist; sourceTree = "<group>"; };
		C552DCF71AA55B5D004020CE /* AppDelegate.swift */ = {isa = PBXFileReference; lastKnownFileType = sourcecode.swift; path = AppDelegate.swift; sourceTree = "<group>"; };
		C552DCF91AA55B5D004020CE /* ViewController.swift */ = {isa = PBXFileReference; lastKnownFileType = sourcecode.swift; path = ViewController.swift; sourceTree = "<group>"; };
		C552DCFC1AA55B5D004020CE /* Base */ = {isa = PBXFileReference; lastKnownFileType = file.storyboard; name = Base; path = Base.lproj/Main.storyboard; sourceTree = "<group>"; };
		C552DCFE1AA55B5D004020CE /* Images.xcassets */ = {isa = PBXFileReference; lastKnownFileType = folder.assetcatalog; path = Images.xcassets; sourceTree = "<group>"; };
		C552DD011AA55B5D004020CE /* Base */ = {isa = PBXFileReference; lastKnownFileType = file.xib; name = Base; path = Base.lproj/LaunchScreen.xib; sourceTree = "<group>"; };
		C552DD071AA55B5D004020CE /* CameraTests.xctest */ = {isa = PBXFileReference; explicitFileType = wrapper.cfbundle; includeInIndex = 0; path = CameraTests.xctest; sourceTree = BUILT_PRODUCTS_DIR; };
		C552DD0C1AA55B5D004020CE /* Info.plist */ = {isa = PBXFileReference; lastKnownFileType = text.plist.xml; path = Info.plist; sourceTree = "<group>"; };
		C552DD0D1AA55B5D004020CE /* CameraTests.swift */ = {isa = PBXFileReference; lastKnownFileType = sourcecode.swift; path = CameraTests.swift; sourceTree = "<group>"; };
/* End PBXFileReference section */

/* Begin PBXFrameworksBuildPhase section */
		C552DCEF1AA55B5D004020CE /* Frameworks */ = {
			isa = PBXFrameworksBuildPhase;
			buildActionMask = 2147483647;
			files = (
			);
			runOnlyForDeploymentPostprocessing = 0;
		};
		C552DD041AA55B5D004020CE /* Frameworks */ = {
			isa = PBXFrameworksBuildPhase;
			buildActionMask = 2147483647;
			files = (
			);
			runOnlyForDeploymentPostprocessing = 0;
		};
/* End PBXFrameworksBuildPhase section */

/* Begin PBXGroup section */
		C552DCE91AA55B5C004020CE = {
			isa = PBXGroup;
			children = (
				C552DCF41AA55B5D004020CE /* Camera */,
				C552DD0A1AA55B5D004020CE /* CameraTests */,
				C552DCF31AA55B5D004020CE /* Products */,
			);
			sourceTree = "<group>";
		};
		C552DCF31AA55B5D004020CE /* Products */ = {
			isa = PBXGroup;
			children = (
				C552DCF21AA55B5D004020CE /* Camera.app */,
				C552DD071AA55B5D004020CE /* CameraTests.xctest */,
			);
			name = Products;
			sourceTree = "<group>";
		};
		C552DCF41AA55B5D004020CE /* Camera */ = {
			isa = PBXGroup;
			children = (
				C552DCF71AA55B5D004020CE /* AppDelegate.swift */,
				C552DCF91AA55B5D004020CE /* ViewController.swift */,
				C552DCFB1AA55B5D004020CE /* Main.storyboard */,
				C552DCFE1AA55B5D004020CE /* Images.xcassets */,
				C552DD001AA55B5D004020CE /* LaunchScreen.xib */,
				C552DCF51AA55B5D004020CE /* Supporting Files */,
			);
			path = Camera;
			sourceTree = "<group>";
		};
		C552DCF51AA55B5D004020CE /* Supporting Files */ = {
			isa = PBXGroup;
			children = (
				C552DCF61AA55B5D004020CE /* Info.plist */,
			);
			name = "Supporting Files";
			sourceTree = "<group>";
		};
		C552DD0A1AA55B5D004020CE /* CameraTests */ = {
			isa = PBXGroup;
			children = (
				C552DD0D1AA55B5D004020CE /* CameraTests.swift */,
				C552DD0B1AA55B5D004020CE /* Supporting Files */,
			);
			path = CameraTests;
			sourceTree = "<group>";
		};
		C552DD0B1AA55B5D004020CE /* Supporting Files */ = {
			isa = PBXGroup;
			children = (
				C552DD0C1AA55B5D004020CE /* Info.plist */,
			);
			name = "Supporting Files";
			sourceTree = "<group>";
		};
/* End PBXGroup section */

/* Begin PBXNativeTarget section */
		C552DCF11AA55B5D004020CE /* Camera */ = {
			isa = PBXNativeTarget;
			buildConfigurationList = C552DD111AA55B5D004020CE /* Build configuration list for PBXNativeTarget "Camera" */;
			buildPhases = (
				C552DCEE1AA55B5D004020CE /* Sources */,
				C552DCEF1AA55B5D004020CE /* Frameworks */,
				C552DCF01AA55B5D004020CE /* Resources */,
			);
			buildRules = (
			);
			dependencies = (
			);
			name = Camera;
			productName = Camera;
			productReference = C552DCF21AA55B5D004020CE /* Camera.app */;
			productType = "com.apple.product-type.application";
		};
		C552DD061AA55B5D004020CE /* CameraTests */ = {
			isa = PBXNativeTarget;
			buildConfigurationList = C552DD141AA55B5D004020CE /* Build configuration list for PBXNativeTarget "CameraTests" */;
			buildPhases = (
				C552DD031AA55B5D004020CE /* Sources */,
				C552DD041AA55B5D004020CE /* Frameworks */,
				C552DD051AA55B5D004020CE /* Resources */,
			);
			buildRules = (
			);
			dependencies = (
				C552DD091AA55B5D004020CE /* PBXTargetDependency */,
			);
			name = CameraTests;
			productName = CameraTests;
			productReference = C552DD071AA55B5D004020CE /* CameraTests.xctest */;
			productType = "com.apple.product-type.bundle.unit-test";
		};
/* End PBXNativeTarget section */

/* Begin PBXProject section */
		C552DCEA1AA55B5C004020CE /* Project object */ = {
			isa = PBXProject;
			attributes = {
				LastUpgradeCheck = 0610;
				ORGANIZATIONNAME = yeshaokai;
				TargetAttributes = {
					C552DCF11AA55B5D004020CE = {
						CreatedOnToolsVersion = 6.1.1;
					};
					C552DD061AA55B5D004020CE = {
						CreatedOnToolsVersion = 6.1.1;
						TestTargetID = C552DCF11AA55B5D004020CE;
					};
				};
			};
			buildConfigurationList = C552DCED1AA55B5C004020CE /* Build configuration list for PBXProject "Camera" */;
			compatibilityVersion = "Xcode 3.2";
			developmentRegion = English;
			hasScannedForEncodings = 0;
			knownRegions = (
				en,
				Base,
			);
			mainGroup = C552DCE91AA55B5C004020CE;
			productRefGroup = C552DCF31AA55B5D004020CE /* Products */;
			projectDirPath = "";
			projectRoot = "";
			targets = (
				C552DCF11AA55B5D004020CE /* Camera */,
				C552DD061AA55B5D004020CE /* CameraTests */,
			);
		};
/* End PBXProject section */

/* Begin PBXResourcesBuildPhase section */
		C552DCF01AA55B5D004020CE /* Resources */ = {
			isa = PBXResourcesBuildPhase;
			buildActionMask = 2147483647;
			files = (
				C552DCFD1AA55B5D004020CE /* Main.storyboard in Resources */,
				C552DD021AA55B5D004020CE /* LaunchScreen.xib in Resources */,
				C552DCFF1AA55B5D004020CE /* Images.xcassets in Resources */,
			);
			runOnlyForDeploymentPostprocessing = 0;
		};
		C552DD051AA55B5D004020CE /* Resources */ = {
			isa = PBXResourcesBuildPhase;
			buildActionMask = 2147483647;
			files = (
			);
			runOnlyForDeploymentPostprocessing = 0;
		};
/* End PBXResourcesBuildPhase section */

/* Begin PBXSourcesBuildPhase section */
		C552DCEE1AA55B5D004020CE /* Sources */ = {
			isa = PBXSourcesBuildPhase;
			buildActionMask = 2147483647;
			files = (
				C552DCFA1AA55B5D004020CE /* ViewController.swift in Sources */,
				C552DCF81AA55B5D004020CE /* AppDelegate.swift in Sources */,
			);
			runOnlyForDeploymentPostprocessing = 0;
		};
		C552DD031AA55B5D004020CE /* Sources */ = {
			isa = PBXSourcesBuildPhase;
			buildActionMask = 2147483647;
			files = (
				C552DD0E1AA55B5D004020CE /* CameraTests.swift in Sources */,
			);
			runOnlyForDeploymentPostprocessing = 0;
		};
/* End PBXSourcesBuildPhase section */

/* Begin PBXTargetDependency section */
		C552DD091AA55B5D004020CE /* PBXTargetDependency */ = {
			isa = PBXTargetDependency;
			target = C552DCF11AA55B5D004020CE /* Camera */;
			targetProxy = C552DD081AA55B5D004020CE /* PBXContainerItemProxy */;
		};
/* End PBXTargetDependency section */

/* Begin PBXVariantGroup section */
		C552DCFB1AA55B5D004020CE /* Main.storyboard */ = {
			isa = PBXVariantGroup;
			children = (
				C552DCFC1AA55B5D004020CE /* Base */,
			);
			name = Main.storyboard;
			sourceTree = "<group>";
		};
		C552DD001AA55B5D004020CE /* LaunchScreen.xib */ = {
			isa = PBXVariantGroup;
			children = (
				C552DD011AA55B5D004020CE /* Base */,
			);
			name = LaunchScreen.xib;
			sourceTree = "<group>";
		};
/* End PBXVariantGroup section */

/* Begin XCBuildConfiguration section */
		C552DD0F1AA55B5D004020CE /* Debug */ = {
			isa = XCBuildConfiguration;
			buildSettings = {
				ALWAYS_SEARCH_USER_PATHS = NO;
				CLANG_CXX_LANGUAGE_STANDARD = "gnu++0x";
				CLANG_CXX_LIBRARY = "libc++";
				CLANG_ENABLE_MODULES = YES;
				CLANG_ENABLE_OBJC_ARC = YES;
				CLANG_WARN_BOOL_CONVERSION = YES;
				CLANG_WARN_CONSTANT_CONVERSION = YES;
				CLANG_WARN_DIRECT_OBJC_ISA_USAGE = YES_ERROR;
				CLANG_WARN_EMPTY_BODY = YES;
				CLANG_WARN_ENUM_CONVERSION = YES;
				CLANG_WARN_INT_CONVERSION = YES;
				CLANG_WARN_OBJC_ROOT_CLASS = YES_ERROR;
				CLANG_WARN_UNREACHABLE_CODE = YES;
				CLANG_WARN__DUPLICATE_METHOD_MATCH = YES;
				"CODE_SIGN_IDENTITY[sdk=iphoneos*]" = "iPhone Developer";
				COPY_PHASE_STRIP = NO;
				ENABLE_STRICT_OBJC_MSGSEND = YES;
				GCC_C_LANGUAGE_STANDARD = gnu99;
				GCC_DYNAMIC_NO_PIC = NO;
				GCC_OPTIMIZATION_LEVEL = 0;
				GCC_PREPROCESSOR_DEFINITIONS = (
					"DEBUG=1",
					"$(inherited)",
				);
				GCC_SYMBOLS_PRIVATE_EXTERN = NO;
				GCC_WARN_64_TO_32_BIT_CONVERSION = YES;
				GCC_WARN_ABOUT_RETURN_TYPE = YES_ERROR;
				GCC_WARN_UNDECLARED_SELECTOR = YES;
				GCC_WARN_UNINITIALIZED_AUTOS = YES_AGGRESSIVE;
				GCC_WARN_UNUSED_FUNCTION = YES;
				GCC_WARN_UNUSED_VARIABLE = YES;
				IPHONEOS_DEPLOYMENT_TARGET = 8.1;
				MTL_ENABLE_DEBUG_INFO = YES;
				ONLY_ACTIVE_ARCH = YES;
				SDKROOT = iphoneos;
				SWIFT_OPTIMIZATION_LEVEL = "-Onone";
				TARGETED_DEVICE_FAMILY = "1,2";
			};
			name = Debug;
		};
		C552DD101AA55B5D004020CE /* Release */ = {
			isa = XCBuildConfiguration;
			buildSettings = {
				ALWAYS_SEARCH_USER_PATHS = NO;
				CLANG_CXX_LANGUAGE_STANDARD = "gnu++0x";
				CLANG_CXX_LIBRARY = "libc++";
				CLANG_ENABLE_MODULES = YES;
				CLANG_ENABLE_OBJC_ARC = YES;
				CLANG_WARN_BOOL_CONVERSION = YES;
				CLANG_WARN_CONSTANT_CONVERSION = YES;
				CLANG_WARN_DIRECT_OBJC_ISA_USAGE = YES_ERROR;
				CLANG_WARN_EMPTY_BODY = YES;
				CLANG_WARN_ENUM_CONVERSION = YES;
				CLANG_WARN_INT_CONVERSION = YES;
				CLANG_WARN_OBJC_ROOT_CLASS = YES_ERROR;
				CLANG_WARN_UNREACHABLE_CODE = YES;
				CLANG_WARN__DUPLICATE_METHOD_MATCH = YES;
				"CODE_SIGN_IDENTITY[sdk=iphoneos*]" = "iPhone Developer";
				COPY_PHASE_STRIP = YES;
				ENABLE_NS_ASSERTIONS = NO;
				ENABLE_STRICT_OBJC_MSGSEND = YES;
				GCC_C_LANGUAGE_STANDARD = gnu99;
				GCC_WARN_64_TO_32_BIT_CONVERSION = YES;
				GCC_WARN_ABOUT_RETURN_TYPE = YES_ERROR;
				GCC_WARN_UNDECLARED_SELECTOR = YES;
				GCC_WARN_UNINITIALIZED_AUTOS = YES_AGGRESSIVE;
				GCC_WARN_UNUSED_FUNCTION = YES;
				GCC_WARN_UNUSED_VARIABLE = YES;
				IPHONEOS_DEPLOYMENT_TARGET = 8.1;
				MTL_ENABLE_DEBUG_INFO = NO;
				SDKROOT = iphoneos;
				TARGETED_DEVICE_FAMILY = "1,2";
				VALIDATE_PRODUCT = YES;
			};
			name = Release;
		};
		C552DD121AA55B5D004020CE /* Debug */ = {
			isa = XCBuildConfiguration;
			buildSettings = {
				ASSETCATALOG_COMPILER_APPICON_NAME = AppIcon;
				INFOPLIST_FILE = Camera/Info.plist;
				LD_RUNPATH_SEARCH_PATHS = "$(inherited) @executable_path/Frameworks";
				PRODUCT_NAME = "$(TARGET_NAME)";
			};
			name = Debug;
		};
		C552DD131AA55B5D004020CE /* Release */ = {
			isa = XCBuildConfiguration;
			buildSettings = {
				ASSETCATALOG_COMPILER_APPICON_NAME = AppIcon;
				INFOPLIST_FILE = Camera/Info.plist;
				LD_RUNPATH_SEARCH_PATHS = "$(inherited) @executable_path/Frameworks";
				PRODUCT_NAME = "$(TARGET_NAME)";
			};
			name = Release;
		};
		C552DD151AA55B5D004020CE /* Debug */ = {
			isa = XCBuildConfiguration;
			buildSettings = {
				BUNDLE_LOADER = "$(TEST_HOST)";
				FRAMEWORK_SEARCH_PATHS = (
					"$(SDKROOT)/Developer/Library/Frameworks",
					"$(inherited)",
				);
				GCC_PREPROCESSOR_DEFINITIONS = (
					"DEBUG=1",
					"$(inherited)",
				);
				INFOPLIST_FILE = CameraTests/Info.plist;
				LD_RUNPATH_SEARCH_PATHS = "$(inherited) @executable_path/Frameworks @loader_path/Frameworks";
				PRODUCT_NAME = "$(TARGET_NAME)";
				TEST_HOST = "$(BUILT_PRODUCTS_DIR)/Camera.app/Camera";
			};
			name = Debug;
		};
		C552DD161AA55B5D004020CE /* Release */ = {
			isa = XCBuildConfiguration;
			buildSettings = {
				BUNDLE_LOADER = "$(TEST_HOST)";
				FRAMEWORK_SEARCH_PATHS = (
					"$(SDKROOT)/Developer/Library/Frameworks",
					"$(inherited)",
				);
				INFOPLIST_FILE = CameraTests/Info.plist;
				LD_RUNPATH_SEARCH_PATHS = "$(inherited) @executable_path/Frameworks @loader_path/Frameworks";
				PRODUCT_NAME = "$(TARGET_NAME)";
				TEST_HOST = "$(BUILT_PRODUCTS_DIR)/Camera.app/Camera";
			};
			name = Release;
		};
/* End XCBuildConfiguration section */

/* Begin XCConfigurationList section */
		C552DCED1AA55B5C004020CE /* Build configuration list for PBXProject "Camera" */ = {
			isa = XCConfigurationList;
			buildConfigurations = (
				C552DD0F1AA55B5D004020CE /* Debug */,
				C552DD101AA55B5D004020CE /* Release */,
			);
			defaultConfigurationIsVisible = 0;
			defaultConfigurationName = Release;
		};
		C552DD111AA55B5D004020CE /* Build configuration list for PBXNativeTarget "Camera" */ = {
			isa = XCConfigurationList;
			buildConfigurations = (
				C552DD121AA55B5D004020CE /* Debug */,
				C552DD131AA55B5D004020CE /* Release */,
			);
			defaultConfigurationIsVisible = 0;
		};
		C552DD141AA55B5D004020CE /* Build configuration list for PBXNativeTarget "CameraTests" */ = {
			isa = XCConfigurationList;
			buildConfigurations = (
				C552DD151AA55B5D004020CE /* Debug */,
				C552DD161AA55B5D004020CE /* Release */,
			);
			defaultConfigurationIsVisible = 0;
		};
/* End XCConfigurationList section */
	};
	rootObject = C552DCEA1AA55B5C004020CE /* Project object */;
}
