// !$*UTF8*$!
{
	archiveVersion = 1;
	classes = {
	};
	objectVersion = 46;
	objects = {

/* Begin PBXBuildFile section */
		C552DCC41AA41017004020CE /* AppDelegate.swift in Sources */ = {isa = PBXBuildFile; fileRef = C552DCC31AA41017004020CE /* AppDelegate.swift */; };
		C552DCC61AA41017004020CE /* ViewController.swift in Sources */ = {isa = PBXBuildFile; fileRef = C552DCC51AA41017004020CE /* ViewController.swift */; };
		C552DCC91AA41017004020CE /* Main.storyboard in Resources */ = {isa = PBXBuildFile; fileRef = C552DCC71AA41017004020CE /* Main.storyboard */; };
		C552DCCB1AA41017004020CE /* Images.xcassets in Resources */ = {isa = PBXBuildFile; fileRef = C552DCCA1AA41017004020CE /* Images.xcassets */; };
		C552DCCE1AA41017004020CE /* LaunchScreen.xib in Resources */ = {isa = PBXBuildFile; fileRef = C552DCCC1AA41017004020CE /* LaunchScreen.xib */; };
		C552DCDA1AA41018004020CE /* WhereAmITests.swift in Sources */ = {isa = PBXBuildFile; fileRef = C552DCD91AA41018004020CE /* WhereAmITests.swift */; };
		C552DCE41AA55576004020CE /* Place.swift in Sources */ = {isa = PBXBuildFile; fileRef = C552DCE31AA55576004020CE /* Place.swift */; };
		C552DCE81AA55848004020CE /* MapKit.framework in Frameworks */ = {isa = PBXBuildFile; fileRef = C552DCE71AA55848004020CE /* MapKit.framework */; };
/* End PBXBuildFile section */

/* Begin PBXContainerItemProxy section */
		C552DCD41AA41018004020CE /* PBXContainerItemProxy */ = {
			isa = PBXContainerItemProxy;
			containerPortal = C552DCB61AA41017004020CE /* Project object */;
			proxyType = 1;
			remoteGlobalIDString = C552DCBD1AA41017004020CE;
			remoteInfo = WhereAmI;
		};
/* End PBXContainerItemProxy section */

/* Begin PBXFileReference section */
		C552DCBE1AA41017004020CE /* WhereAmI.app */ = {isa = PBXFileReference; explicitFileType = wrapper.application; includeInIndex = 0; path = WhereAmI.app; sourceTree = BUILT_PRODUCTS_DIR; };
		C552DCC21AA41017004020CE /* Info.plist */ = {isa = PBXFileReference; lastKnownFileType = text.plist.xml; path = Info.plist; sourceTree = "<group>"; };
		C552DCC31AA41017004020CE /* AppDelegate.swift */ = {isa = PBXFileReference; lastKnownFileType = sourcecode.swift; path = AppDelegate.swift; sourceTree = "<group>"; };
		C552DCC51AA41017004020CE /* ViewController.swift */ = {isa = PBXFileReference; lastKnownFileType = sourcecode.swift; path = ViewController.swift; sourceTree = "<group>"; };
		C552DCC81AA41017004020CE /* Base */ = {isa = PBXFileReference; lastKnownFileType = file.storyboard; name = Base; path = Base.lproj/Main.storyboard; sourceTree = "<group>"; };
		C552DCCA1AA41017004020CE /* Images.xcassets */ = {isa = PBXFileReference; lastKnownFileType = folder.assetcatalog; path = Images.xcassets; sourceTree = "<group>"; };
		C552DCCD1AA41017004020CE /* Base */ = {isa = PBXFileReference; lastKnownFileType = file.xib; name = Base; path = Base.lproj/LaunchScreen.xib; sourceTree = "<group>"; };
		C552DCD31AA41018004020CE /* WhereAmITests.xctest */ = {isa = PBXFileReference; explicitFileType = wrapper.cfbundle; includeInIndex = 0; path = WhereAmITests.xctest; sourceTree = BUILT_PRODUCTS_DIR; };
		C552DCD81AA41018004020CE /* Info.plist */ = {isa = PBXFileReference; lastKnownFileType = text.plist.xml; path = Info.plist; sourceTree = "<group>"; };
		C552DCD91AA41018004020CE /* WhereAmITests.swift */ = {isa = PBXFileReference; lastKnownFileType = sourcecode.swift; path = WhereAmITests.swift; sourceTree = "<group>"; };
		C552DCE31AA55576004020CE /* Place.swift */ = {isa = PBXFileReference; fileEncoding = 4; lastKnownFileType = sourcecode.swift; path = Place.swift; sourceTree = "<group>"; };
		C552DCE71AA55848004020CE /* MapKit.framework */ = {isa = PBXFileReference; lastKnownFileType = wrapper.framework; name = MapKit.framework; path = System/Library/Frameworks/MapKit.framework; sourceTree = SDKROOT; };
/* End PBXFileReference section */

/* Begin PBXFrameworksBuildPhase section */
		C552DCBB1AA41017004020CE /* Frameworks */ = {
			isa = PBXFrameworksBuildPhase;
			buildActionMask = 2147483647;
			files = (
				C552DCE81AA55848004020CE /* MapKit.framework in Frameworks */,
			);
			runOnlyForDeploymentPostprocessing = 0;
		};
		C552DCD01AA41018004020CE /* Frameworks */ = {
			isa = PBXFrameworksBuildPhase;
			buildActionMask = 2147483647;
			files = (
			);
			runOnlyForDeploymentPostprocessing = 0;
		};
/* End PBXFrameworksBuildPhase section */

/* Begin PBXGroup section */
		C552DCB51AA41017004020CE = {
			isa = PBXGroup;
			children = (
				C552DCE71AA55848004020CE /* MapKit.framework */,
				C552DCC01AA41017004020CE /* WhereAmI */,
				C552DCD61AA41018004020CE /* WhereAmITests */,
				C552DCBF1AA41017004020CE /* Products */,
			);
			sourceTree = "<group>";
		};
		C552DCBF1AA41017004020CE /* Products */ = {
			isa = PBXGroup;
			children = (
				C552DCBE1AA41017004020CE /* WhereAmI.app */,
				C552DCD31AA41018004020CE /* WhereAmITests.xctest */,
			);
			name = Products;
			sourceTree = "<group>";
		};
		C552DCC01AA41017004020CE /* WhereAmI */ = {
			isa = PBXGroup;
			children = (
				C552DCC31AA41017004020CE /* AppDelegate.swift */,
				C552DCC51AA41017004020CE /* ViewController.swift */,
				C552DCC71AA41017004020CE /* Main.storyboard */,
				C552DCCA1AA41017004020CE /* Images.xcassets */,
				C552DCCC1AA41017004020CE /* LaunchScreen.xib */,
				C552DCC11AA41017004020CE /* Supporting Files */,
				C552DCE31AA55576004020CE /* Place.swift */,
			);
			path = WhereAmI;
			sourceTree = "<group>";
		};
		C552DCC11AA41017004020CE /* Supporting Files */ = {
			isa = PBXGroup;
			children = (
				C552DCC21AA41017004020CE /* Info.plist */,
			);
			name = "Supporting Files";
			sourceTree = "<group>";
		};
		C552DCD61AA41018004020CE /* WhereAmITests */ = {
			isa = PBXGroup;
			children = (
				C552DCD91AA41018004020CE /* WhereAmITests.swift */,
				C552DCD71AA41018004020CE /* Supporting Files */,
			);
			path = WhereAmITests;
			sourceTree = "<group>";
		};
		C552DCD71AA41018004020CE /* Supporting Files */ = {
			isa = PBXGroup;
			children = (
				C552DCD81AA41018004020CE /* Info.plist */,
			);
			name = "Supporting Files";
			sourceTree = "<group>";
		};
/* End PBXGroup section */

/* Begin PBXNativeTarget section */
		C552DCBD1AA41017004020CE /* WhereAmI */ = {
			isa = PBXNativeTarget;
			buildConfigurationList = C552DCDD1AA41018004020CE /* Build configuration list for PBXNativeTarget "WhereAmI" */;
			buildPhases = (
				C552DCBA1AA41017004020CE /* Sources */,
				C552DCBB1AA41017004020CE /* Frameworks */,
				C552DCBC1AA41017004020CE /* Resources */,
			);
			buildRules = (
			);
			dependencies = (
			);
			name = WhereAmI;
			productName = WhereAmI;
			productReference = C552DCBE1AA41017004020CE /* WhereAmI.app */;
			productType = "com.apple.product-type.application";
		};
		C552DCD21AA41018004020CE /* WhereAmITests */ = {
			isa = PBXNativeTarget;
			buildConfigurationList = C552DCE01AA41018004020CE /* Build configuration list for PBXNativeTarget "WhereAmITests" */;
			buildPhases = (
				C552DCCF1AA41018004020CE /* Sources */,
				C552DCD01AA41018004020CE /* Frameworks */,
				C552DCD11AA41018004020CE /* Resources */,
			);
			buildRules = (
			);
			dependencies = (
				C552DCD51AA41018004020CE /* PBXTargetDependency */,
			);
			name = WhereAmITests;
			productName = WhereAmITests;
			productReference = C552DCD31AA41018004020CE /* WhereAmITests.xctest */;
			productType = "com.apple.product-type.bundle.unit-test";
		};
/* End PBXNativeTarget section */

/* Begin PBXProject section */
		C552DCB61AA41017004020CE /* Project object */ = {
			isa = PBXProject;
			attributes = {
				LastUpgradeCheck = 0610;
				ORGANIZATIONNAME = yeshaokai;
				TargetAttributes = {
					C552DCBD1AA41017004020CE = {
						CreatedOnToolsVersion = 6.1.1;
						SystemCapabilities = {
							com.apple.Maps.iOS = {
								enabled = 1;
							};
						};
					};
					C552DCD21AA41018004020CE = {
						CreatedOnToolsVersion = 6.1.1;
						TestTargetID = C552DCBD1AA41017004020CE;
					};
				};
			};
			buildConfigurationList = C552DCB91AA41017004020CE /* Build configuration list for PBXProject "WhereAmI" */;
			compatibilityVersion = "Xcode 3.2";
			developmentRegion = English;
			hasScannedForEncodings = 0;
			knownRegions = (
				en,
				Base,
			);
			mainGroup = C552DCB51AA41017004020CE;
			productRefGroup = C552DCBF1AA41017004020CE /* Products */;
			projectDirPath = "";
			projectRoot = "";
			targets = (
				C552DCBD1AA41017004020CE /* WhereAmI */,
				C552DCD21AA41018004020CE /* WhereAmITests */,
			);
		};
/* End PBXProject section */

/* Begin PBXResourcesBuildPhase section */
		C552DCBC1AA41017004020CE /* Resources */ = {
			isa = PBXResourcesBuildPhase;
			buildActionMask = 2147483647;
			files = (
				C552DCC91AA41017004020CE /* Main.storyboard in Resources */,
				C552DCCE1AA41017004020CE /* LaunchScreen.xib in Resources */,
				C552DCCB1AA41017004020CE /* Images.xcassets in Resources */,
			);
			runOnlyForDeploymentPostprocessing = 0;
		};
		C552DCD11AA41018004020CE /* Resources */ = {
			isa = PBXResourcesBuildPhase;
			buildActionMask = 2147483647;
			files = (
			);
			runOnlyForDeploymentPostprocessing = 0;
		};
/* End PBXResourcesBuildPhase section */

/* Begin PBXSourcesBuildPhase section */
		C552DCBA1AA41017004020CE /* Sources */ = {
			isa = PBXSourcesBuildPhase;
			buildActionMask = 2147483647;
			files = (
				C552DCE41AA55576004020CE /* Place.swift in Sources */,
				C552DCC61AA41017004020CE /* ViewController.swift in Sources */,
				C552DCC41AA41017004020CE /* AppDelegate.swift in Sources */,
			);
			runOnlyForDeploymentPostprocessing = 0;
		};
		C552DCCF1AA41018004020CE /* Sources */ = {
			isa = PBXSourcesBuildPhase;
			buildActionMask = 2147483647;
			files = (
				C552DCDA1AA41018004020CE /* WhereAmITests.swift in Sources */,
			);
			runOnlyForDeploymentPostprocessing = 0;
		};
/* End PBXSourcesBuildPhase section */

/* Begin PBXTargetDependency section */
		C552DCD51AA41018004020CE /* PBXTargetDependency */ = {
			isa = PBXTargetDependency;
			target = C552DCBD1AA41017004020CE /* WhereAmI */;
			targetProxy = C552DCD41AA41018004020CE /* PBXContainerItemProxy */;
		};
/* End PBXTargetDependency section */

/* Begin PBXVariantGroup section */
		C552DCC71AA41017004020CE /* Main.storyboard */ = {
			isa = PBXVariantGroup;
			children = (
				C552DCC81AA41017004020CE /* Base */,
			);
			name = Main.storyboard;
			sourceTree = "<group>";
		};
		C552DCCC1AA41017004020CE /* LaunchScreen.xib */ = {
			isa = PBXVariantGroup;
			children = (
				C552DCCD1AA41017004020CE /* Base */,
			);
			name = LaunchScreen.xib;
			sourceTree = "<group>";
		};
/* End PBXVariantGroup section */

/* Begin XCBuildConfiguration section */
		C552DCDB1AA41018004020CE /* Debug */ = {
			isa = XCBuildConfiguration;
			buildSettings = {
				ALWAYS_SEARCH_USER_PATHS = NO;
				CLANG_CXX_LANGUAGE_STANDARD = "gnu++0x";
				CLANG_CXX_LIBRARY = "libc++";
				CLANG_ENABLE_MODULES = YES;
				CLANG_ENABLE_OBJC_ARC = YES;
				CLANG_WARN_BOOL_CONVERSION = YES;
				CLANG_WARN_CONSTANT_CONVERSION = YES;
				CLANG_WARN_DIRECT_OBJC_ISA_USAGE = YES_ERROR;
				CLANG_WARN_EMPTY_BODY = YES;
				CLANG_WARN_ENUM_CONVERSION = YES;
				CLANG_WARN_INT_CONVERSION = YES;
				CLANG_WARN_OBJC_ROOT_CLASS = YES_ERROR;
				CLANG_WARN_UNREACHABLE_CODE = YES;
				CLANG_WARN__DUPLICATE_METHOD_MATCH = YES;
				"CODE_SIGN_IDENTITY[sdk=iphoneos*]" = "iPhone Developer";
				COPY_PHASE_STRIP = NO;
				ENABLE_STRICT_OBJC_MSGSEND = YES;
				GCC_C_LANGUAGE_STANDARD = gnu99;
				GCC_DYNAMIC_NO_PIC = NO;
				GCC_OPTIMIZATION_LEVEL = 0;
				GCC_PREPROCESSOR_DEFINITIONS = (
					"DEBUG=1",
					"$(inherited)",
				);
				GCC_SYMBOLS_PRIVATE_EXTERN = NO;
				GCC_WARN_64_TO_32_BIT_CONVERSION = YES;
				GCC_WARN_ABOUT_RETURN_TYPE = YES_ERROR;
				GCC_WARN_UNDECLARED_SELECTOR = YES;
				GCC_WARN_UNINITIALIZED_AUTOS = YES_AGGRESSIVE;
				GCC_WARN_UNUSED_FUNCTION = YES;
				GCC_WARN_UNUSED_VARIABLE = YES;
				IPHONEOS_DEPLOYMENT_TARGET = 8.1;
				MTL_ENABLE_DEBUG_INFO = YES;
				ONLY_ACTIVE_ARCH = YES;
				SDKROOT = iphoneos;
				SWIFT_OPTIMIZATION_LEVEL = "-Onone";
				TARGETED_DEVICE_FAMILY = "1,2";
			};
			name = Debug;
		};
		C552DCDC1AA41018004020CE /* Release */ = {
			isa = XCBuildConfiguration;
			buildSettings = {
				ALWAYS_SEARCH_USER_PATHS = NO;
				CLANG_CXX_LANGUAGE_STANDARD = "gnu++0x";
				CLANG_CXX_LIBRARY = "libc++";
				CLANG_ENABLE_MODULES = YES;
				CLANG_ENABLE_OBJC_ARC = YES;
				CLANG_WARN_BOOL_CONVERSION = YES;
				CLANG_WARN_CONSTANT_CONVERSION = YES;
				CLANG_WARN_DIRECT_OBJC_ISA_USAGE = YES_ERROR;
				CLANG_WARN_EMPTY_BODY = YES;
				CLANG_WARN_ENUM_CONVERSION = YES;
				CLANG_WARN_INT_CONVERSION = YES;
				CLANG_WARN_OBJC_ROOT_CLASS = YES_ERROR;
				CLANG_WARN_UNREACHABLE_CODE = YES;
				CLANG_WARN__DUPLICATE_METHOD_MATCH = YES;
				"CODE_SIGN_IDENTITY[sdk=iphoneos*]" = "iPhone Developer";
				COPY_PHASE_STRIP = YES;
				ENABLE_NS_ASSERTIONS = NO;
				ENABLE_STRICT_OBJC_MSGSEND = YES;
				GCC_C_LANGUAGE_STANDARD = gnu99;
				GCC_WARN_64_TO_32_BIT_CONVERSION = YES;
				GCC_WARN_ABOUT_RETURN_TYPE = YES_ERROR;
				GCC_WARN_UNDECLARED_SELECTOR = YES;
				GCC_WARN_UNINITIALIZED_AUTOS = YES_AGGRESSIVE;
				GCC_WARN_UNUSED_FUNCTION = YES;
				GCC_WARN_UNUSED_VARIABLE = YES;
				IPHONEOS_DEPLOYMENT_TARGET = 8.1;
				MTL_ENABLE_DEBUG_INFO = NO;
				SDKROOT = iphoneos;
				TARGETED_DEVICE_FAMILY = "1,2";
				VALIDATE_PRODUCT = YES;
			};
			name = Release;
		};
		C552DCDE1AA41018004020CE /* Debug */ = {
			isa = XCBuildConfiguration;
			buildSettings = {
				ASSETCATALOG_COMPILER_APPICON_NAME = AppIcon;
				INFOPLIST_FILE = WhereAmI/Info.plist;
				LD_RUNPATH_SEARCH_PATHS = "$(inherited) @executable_path/Frameworks";
				PRODUCT_NAME = "$(TARGET_NAME)";
			};
			name = Debug;
		};
		C552DCDF1AA41018004020CE /* Release */ = {
			isa = XCBuildConfiguration;
			buildSettings = {
				ASSETCATALOG_COMPILER_APPICON_NAME = AppIcon;
				INFOPLIST_FILE = WhereAmI/Info.plist;
				LD_RUNPATH_SEARCH_PATHS = "$(inherited) @executable_path/Frameworks";
				PRODUCT_NAME = "$(TARGET_NAME)";
			};
			name = Release;
		};
		C552DCE11AA41018004020CE /* Debug */ = {
			isa = XCBuildConfiguration;
			buildSettings = {
				BUNDLE_LOADER = "$(TEST_HOST)";
				FRAMEWORK_SEARCH_PATHS = (
					"$(SDKROOT)/Developer/Library/Frameworks",
					"$(inherited)",
				);
				GCC_PREPROCESSOR_DEFINITIONS = (
					"DEBUG=1",
					"$(inherited)",
				);
				INFOPLIST_FILE = WhereAmITests/Info.plist;
				LD_RUNPATH_SEARCH_PATHS = "$(inherited) @executable_path/Frameworks @loader_path/Frameworks";
				PRODUCT_NAME = "$(TARGET_NAME)";
				TEST_HOST = "$(BUILT_PRODUCTS_DIR)/WhereAmI.app/WhereAmI";
			};
			name = Debug;
		};
		C552DCE21AA41018004020CE /* Release */ = {
			isa = XCBuildConfiguration;
			buildSettings = {
				BUNDLE_LOADER = "$(TEST_HOST)";
				FRAMEWORK_SEARCH_PATHS = (
					"$(SDKROOT)/Developer/Library/Frameworks",
					"$(inherited)",
				);
				INFOPLIST_FILE = WhereAmITests/Info.plist;
				LD_RUNPATH_SEARCH_PATHS = "$(inherited) @executable_path/Frameworks @loader_path/Frameworks";
				PRODUCT_NAME = "$(TARGET_NAME)";
				TEST_HOST = "$(BUILT_PRODUCTS_DIR)/WhereAmI.app/WhereAmI";
			};
			name = Release;
		};
/* End XCBuildConfiguration section */

/* Begin XCConfigurationList section */
		C552DCB91AA41017004020CE /* Build configuration list for PBXProject "WhereAmI" */ = {
			isa = XCConfigurationList;
			buildConfigurations = (
				C552DCDB1AA41018004020CE /* Debug */,
				C552DCDC1AA41018004020CE /* Release */,
			);
			defaultConfigurationIsVisible = 0;
			defaultConfigurationName = Release;
		};
		C552DCDD1AA41018004020CE /* Build configuration list for PBXNativeTarget "WhereAmI" */ = {
			isa = XCConfigurationList;
			buildConfigurations = (
				C552DCDE1AA41018004020CE /* Debug */,
				C552DCDF1AA41018004020CE /* Release */,
			);
			defaultConfigurationIsVisible = 0;
			defaultConfigurationName = Release;
		};
		C552DCE01AA41018004020CE /* Build configuration list for PBXNativeTarget "WhereAmITests" */ = {
			isa = XCConfigurationList;
			buildConfigurations = (
				C552DCE11AA41018004020CE /* Debug */,
				C552DCE21AA41018004020CE /* Release */,
			);
			defaultConfigurationIsVisible = 0;
			defaultConfigurationName = Release;
		};
/* End XCConfigurationList section */
	};
	rootObject = C552DCB61AA41017004020CE /* Project object */;
}
